# This file is automatically @generated by Poetry 2.1.3 and should not be changed by hand.

[[package]]
name = "click"
version = "8.2.1"
description = "Composable command line interface toolkit"
optional = false
python-versions = ">=3.10"
groups = ["main"]
files = [
    {file = "click-8.2.1-py3-none-any.whl", hash = "sha256:61a3265b914e850b85317d0b3109c7f8cd35a670f963866005d6ef1d5175a12b"},
    {file = "click-8.2.1.tar.gz", hash = "sha256:27c491cc05d968d271d5a1db13e3b5a184636d9d930f148c50b038f0d0646202"},
]

[package.dependencies]
colorama = {version = "*", markers = "platform_system == \"Windows\""}

[[package]]
name = "colorama"
version = "0.4.6"
description = "Cross-platform colored terminal text."
optional = false
python-versions = "!=3.0.*,!=3.1.*,!=3.2.*,!=3.3.*,!=3.4.*,!=3.5.*,!=3.6.*,>=2.7"
groups = ["main"]
markers = "platform_system == \"Windows\""
files = [
    {file = "colorama-0.4.6-py2.py3-none-any.whl", hash = "sha256:4f1d9991f5acc0ca119f9d443620b77f9d6b33703e51011c16baf57afb285fc6"},
    {file = "colorama-0.4.6.tar.gz", hash = "sha256:08695f5cb7ed6e0531a20572697297273c47b8cae5a63ffc6d6ed5c201be6e44"},
]

[[package]]
name = "dataclass-wizard"
version = "0.35.0"
description = "Lightning-fast JSON wizardry for Python dataclasses — effortless serialization right out of the box!"
optional = false
python-versions = "*"
groups = ["main"]
files = [
    {file = "dataclass-wizard-0.35.0.tar.gz", hash = "sha256:8e4b254991bf93416a48e2911bb985e3787cff11f00270c3d1165d2523cb3fb6"},
    {file = "dataclass_wizard-0.35.0-py2.py3-none-any.whl", hash = "sha256:3bb19292477f0bebb12e9cc9178f1a6b93d133af4ae065abf14b713142b32edf"},
]

[package.dependencies]
typing-extensions = {version = ">=4.9.0", markers = "python_version <= \"3.12\""}

[package.extras]
dev = ["Sphinx (==7.4.7) ; python_version == \"3.9\"", "Sphinx (==8.1.3) ; python_version >= \"3.10\"", "attrs (==24.3.0)", "bump2version (==1.0.1)", "coverage (>=6.2)", "dacite (==1.8.1)", "dataclass-factory (==2.16)", "dataclass-wizard[toml]", "dataclasses-json (==0.6.7)", "flake8 (>=3)", "jsons (==1.6.3)", "mashumaro (==3.15)", "matplotlib", "pip (>=21.3.1)", "pydantic (==2.10.3)", "pytest (==8.3.4)", "pytest-benchmark[histogram]", "pytest-cov (==6.0.0)", "pytest-mock (>=3.6.1)", "python-dotenv (>=1,<2)", "pytimeparse (==1.1.8)", "sphinx-autodoc-typehints (==2.5.0)", "sphinx-copybutton (==0.5.2)", "sphinx-issues (==5.0.0)", "tomli (>=2,<3) ; python_version == \"3.10\"", "tomli (>=2,<3) ; python_version == \"3.9\"", "tomli-w (>=1,<2)", "tox (==4.23.2)", "twine (==6.0.1)", "typing-extensions (>=4.9.0)", "watchdog[watchmedo] (==6.0.0)", "wheel (==0.45.1)"]
dotenv = ["python-dotenv (>=1,<2)"]
timedelta = ["pytimeparse (>=1.1.7)"]
toml = ["tomli (>=2,<3) ; python_version == \"3.10\"", "tomli (>=2,<3) ; python_version == \"3.9\"", "tomli-w (>=1,<2)"]
yaml = ["PyYAML (>=6,<7)"]

[[package]]
name = "jsonnet"
version = "0.21.0"
description = "Python bindings for Jsonnet - The data templating language "
optional = false
python-versions = "*"
groups = ["main"]
files = [
    {file = "jsonnet-0.21.0-cp310-cp310-macosx_10_9_x86_64.whl", hash = "sha256:e4717d83a15144adc9ae7d3d0a0d0ff54d7fe18349346130bd9b9bb7f8c9b0db"},
    {file = "jsonnet-0.21.0-cp310-cp310-macosx_11_0_arm64.whl", hash = "sha256:121a24583fe6980705b8f775f2b66e2b01c4006dbd258d047d54f60b76b98681"},
    {file = "jsonnet-0.21.0-cp310-cp310-manylinux_2_17_x86_64.manylinux2014_x86_64.whl", hash = "sha256:2c87bbf37e2f118e75de30ec4d3d1d2a5eedd7fe213f00042e3a2fe0e7026bbc"},
    {file = "jsonnet-0.21.0-cp310-cp310-musllinux_1_2_x86_64.whl", hash = "sha256:902cb1a9bb7916f3e8041a2936e6ba4deea7312843927360c698d1092144d49c"},
    {file = "jsonnet-0.21.0-cp310-cp310-win_amd64.whl", hash = "sha256:ad896e2d70bc6ea4c5503b9587703e75a233506a57c33fa3192922e49b97a90a"},
    {file = "jsonnet-0.21.0-cp311-cp311-macosx_10_9_x86_64.whl", hash = "sha256:bc2c8b35122884dcb63431a831e81d6ab494e37148704a781ef88bb7e12fb36b"},
    {file = "jsonnet-0.21.0-cp311-cp311-macosx_11_0_arm64.whl", hash = "sha256:f837389c6b384070b870c98f12c05847fdd801bb7752ab7893beaeac662f4b54"},
    {file = "jsonnet-0.21.0-cp311-cp311-manylinux_2_17_x86_64.manylinux2014_x86_64.whl", hash = "sha256:85a2089fb77d6db86ef84d9403654d710ba3e41dcf4ad21d0cba2635497ba852"},
    {file = "jsonnet-0.21.0-cp311-cp311-musllinux_1_2_x86_64.whl", hash = "sha256:559d59e8984b804f60a97d72e7aeaa2a2572fc0a5bf7ef1109eb21b91dbc166c"},
    {file = "jsonnet-0.21.0-cp311-cp311-win_amd64.whl", hash = "sha256:6018365037491e91b5d3f0eccfdf78812d84e25aa9ccbba097bd3ba6ce70709a"},
    {file = "jsonnet-0.21.0-cp312-cp312-macosx_10_13_x86_64.whl", hash = "sha256:ba35051103bed81ddcb446db52c31bba00391c52069107498eb44952feac8a30"},
    {file = "jsonnet-0.21.0-cp312-cp312-macosx_11_0_arm64.whl", hash = "sha256:71afa464a74dcbec30b39d8f28cad091ce27497a8620c0ef7859814e173ce454"},
    {file = "jsonnet-0.21.0-cp312-cp312-manylinux_2_17_x86_64.manylinux2014_x86_64.whl", hash = "sha256:fccebb019917004cf860490a80d17189bad01c9d425b7a1cb138a14745488cf0"},
    {file = "jsonnet-0.21.0-cp312-cp312-musllinux_1_2_x86_64.whl", hash = "sha256:ba913bb650b2b5dac29e65fd6963dff7cad960580523c0ccdd66e23e22e3b772"},
    {file = "jsonnet-0.21.0-cp312-cp312-win_amd64.whl", hash = "sha256:7a39b5a3195bb6ec16050d14f8aa9378cf862ff2dd54ca0973cbbfbc9cec6e89"},
    {file = "jsonnet-0.21.0-cp313-cp313-macosx_10_13_x86_64.whl", hash = "sha256:95d0e0e59ed29f7e424066c05c4585fd255e288fd6050686e1d5bb54bd719896"},
    {file = "jsonnet-0.21.0-cp313-cp313-macosx_11_0_arm64.whl", hash = "sha256:eb926cae6ea157e2e0851e6ec8f6a2949e926f67754a87980bbcb2698a211dc5"},
    {file = "jsonnet-0.21.0-cp313-cp313-manylinux_2_17_x86_64.manylinux2014_x86_64.whl", hash = "sha256:cb642fe864e41a432957f71bfa57ae4eaab904886f06dec183c9e40d6ce4e24b"},
    {file = "jsonnet-0.21.0-cp313-cp313-musllinux_1_2_x86_64.whl", hash = "sha256:22a87070c1c50ecf6c0c8df252a4984a89275ceb18fe059dfa99eeaf548be71f"},
    {file = "jsonnet-0.21.0-cp313-cp313-win_amd64.whl", hash = "sha256:6e23e55e0a0811b899398aaa03a5b46eea01ffcafc697a705fe7b07eb8cd0ce7"},
    {file = "jsonnet-0.21.0-cp39-cp39-macosx_10_9_x86_64.whl", hash = "sha256:9da10d31f4a540d57d31be70fc89c2d1c1124b1fffdee251cc2a5e3b2c56e4ab"},
    {file = "jsonnet-0.21.0-cp39-cp39-macosx_11_0_arm64.whl", hash = "sha256:27da1b36735ac2c6f277c235f62a9524f769989e52314f06894d070d52ae1225"},
    {file = "jsonnet-0.21.0-cp39-cp39-manylinux_2_17_x86_64.manylinux2014_x86_64.whl", hash = "sha256:874e0ed8838b1f4a019c77324d7219173cb971e7f4193a18c4757b643f0f2bfc"},
    {file = "jsonnet-0.21.0-cp39-cp39-musllinux_1_2_x86_64.whl", hash = "sha256:874714350cd89e41cb95509490147865696ab9420255ff21e01f11e02d0033d8"},
    {file = "jsonnet-0.21.0-cp39-cp39-win_amd64.whl", hash = "sha256:8dddc2e5394a27b6ee12e49253121fea87284cac6042cdb4983b3427d590e1b8"},
    {file = "jsonnet-0.21.0.tar.gz", hash = "sha256:7fe2865e6e1dc2b9791d880fea3eba7e72334b256d85f027da3ae1f56a55b1da"},
]

[[package]]
name = "typing-extensions"
version = "4.14.0"
description = "Backported and Experimental Type Hints for Python 3.9+"
optional = false
python-versions = ">=3.9"
groups = ["main"]
markers = "python_version == \"3.12\""
files = [
    {file = "typing_extensions-4.14.0-py3-none-any.whl", hash = "sha256:a1514509136dd0b477638fc68d6a91497af5076466ad0fa6c338e44e359944af"},
    {file = "typing_extensions-4.14.0.tar.gz", hash = "sha256:8676b788e32f02ab42d9e7c61324048ae4c6d844a399eebace3d4979d75ceef4"},
]

[metadata]
lock-version = "2.1"
python-versions = ">=3.12"
content-hash = "2f970e412880655cf1fce1ece3f168a2f4f3ab526fb27ed0540164bcee3e846a"
